{
  "name": "@skalwar/null_or_empty",
  "version": "1.0.0",
  "lockfileVersion": 2,
  "requires": true,
  "packages": {
    "": {
      "name": "@skalwar/null_or_empty",
      "version": "1.0.0",
      "license": "MIT",
      "dependencies": {
        "@skalwar/null_or_empty": "^1.0.0"
      }
    },
    "node_modules/@skalwar/null_or_empty": {
      "version": "1.0.0",
      "resolved": "https://registry.npmjs.org/@skalwar/null_or_empty/-/null_or_empty-1.0.0.tgz",
      "integrity": "sha512-7PyTE4LObT6k+HLkw7Wx9K12Y7kGFMBQABd0skc/Kk8plFccDfgSX/TPW/se4j4P2tQM5nT2guebLaeXnodjkg=="
    }
  },
  "dependencies": {
    "@skalwar/null_or_empty": {
      "version": "1.0.0",
      "resolved": "https://registry.npmjs.org/@skalwar/null_or_empty/-/null_or_empty-1.0.0.tgz",
      "integrity": "sha512-7PyTE4LObT6k+HLkw7Wx9K12Y7kGFMBQABd0skc/Kk8plFccDfgSX/TPW/se4j4P2tQM5nT2guebLaeXnodjkg=="
    }
  }
}
